
Microsoft Visual Studio Solution File, Format Version 12.00
# Visual Studio Version 16
VisualStudioVersion = 16.0.30330.147
MinimumVisualStudioVersion = 10.0.40219.1
Project("{2150E333-8FDC-42A3-9474-1A3956D46DE8}") = "Microservices", "Microservices", "{FDDFDDB9-4A6A-467B-AFD5-4DD84CA1F3D8}"
EndProject
Project("{2150E333-8FDC-42A3-9474-1A3956D46DE8}") = "Domain", "Domain", "{B07342BD-4623-4855-8775-0074A9C7D59E}"
EndProject
Project("{2150E333-8FDC-42A3-9474-1A3956D46DE8}") = "Infra.Bus", "Infra.Bus", "{D04AF9C5-6018-4750-A45D-0D3FEDFFCE37}"
EndProject
Project("{2150E333-8FDC-42A3-9474-1A3956D46DE8}") = "Infra.IoC", "Infra.IoC", "{F2E767A4-CE11-47DA-BFCB-CED75D7B7727}"
EndProject
Project("{2150E333-8FDC-42A3-9474-1A3956D46DE8}") = "Presentation", "Presentation", "{55151525-4CA3-4143-87E8-6747181ACEE0}"
EndProject
Project("{9A19103F-16F7-4668-BE54-9A1E7A4F7556}") = "MicroRabbit.Domain.Core", "MicroRabbit.Domain.Core\MicroRabbit.Domain.Core.csproj", "{66758BE6-C550-48F4-AE3E-0161A46DEE77}"
EndProject
Project("{9A19103F-16F7-4668-BE54-9A1E7A4F7556}") = "MicroRabbit.Infra.Bus", "MicroRabbit.Infra.Bus\MicroRabbit.Infra.Bus.csproj", "{3DA87DC2-AD0C-4039-A140-598DB92F184C}"
EndProject
Project("{FAE04EC0-301F-11D3-BF4B-00C04F79EFBC}") = "MicroRabbit.Infra.IoC", "MicroRabbit.Infra.IoC\MicroRabbit.Infra.IoC.csproj", "{FE990258-AD75-480B-ADB0-6B378E49468A}"
EndProject
Project("{2150E333-8FDC-42A3-9474-1A3956D46DE8}") = "Banking", "Banking", "{31C01D2C-88E7-4970-886D-231811B15271}"
EndProject
Project("{2150E333-8FDC-42A3-9474-1A3956D46DE8}") = "Api", "Api", "{DAA95780-3474-4A33-AF46-A5799F66C356}"
EndProject
Project("{2150E333-8FDC-42A3-9474-1A3956D46DE8}") = "Data", "Data", "{5A11FB3A-CDF7-42A2-91EA-7244AF5DF710}"
EndProject
Project("{2150E333-8FDC-42A3-9474-1A3956D46DE8}") = "Domain", "Domain", "{F5DCC981-028A-4451-AE51-395DEA3993B9}"
EndProject
Project("{2150E333-8FDC-42A3-9474-1A3956D46DE8}") = "Application", "Application", "{A3445FA5-3B09-41A5-AD2B-6B104D19B7FA}"
EndProject
Project("{FAE04EC0-301F-11D3-BF4B-00C04F79EFBC}") = "MicroRabbit.Banking.Api", "MicroRabbit.Banking.Api\MicroRabbit.Banking.Api.csproj", "{3EB78B57-6D1B-49B4-B630-D94AF0914DB6}"
EndProject
Project("{FAE04EC0-301F-11D3-BF4B-00C04F79EFBC}") = "MicroRabbit.Banking.Application", "MicroRabbit.Banking.Application\MicroRabbit.Banking.Application.csproj", "{816A93A0-66E6-4835-A6A5-9C4C2A9F00D0}"
EndProject
Project("{FAE04EC0-301F-11D3-BF4B-00C04F79EFBC}") = "MicroRabbit.Banking.Data", "MicroRabbit.Banking.Data\MicroRabbit.Banking.Data.csproj", "{96A788D0-9400-4A2A-B601-22001F6D26C9}"
EndProject
Project("{FAE04EC0-301F-11D3-BF4B-00C04F79EFBC}") = "MicroRabbit.Banking.Domain", "MicroRabbit.Banking.Domain\MicroRabbit.Banking.Domain.csproj", "{93A3071E-1D90-4949-9D71-570CCE598541}"
EndProject
Global
	GlobalSection(SolutionConfigurationPlatforms) = preSolution
		Debug|Any CPU = Debug|Any CPU
		Release|Any CPU = Release|Any CPU
	EndGlobalSection
	GlobalSection(ProjectConfigurationPlatforms) = postSolution
		{66758BE6-C550-48F4-AE3E-0161A46DEE77}.Debug|Any CPU.ActiveCfg = Debug|Any CPU
		{66758BE6-C550-48F4-AE3E-0161A46DEE77}.Debug|Any CPU.Build.0 = Debug|Any CPU
		{66758BE6-C550-48F4-AE3E-0161A46DEE77}.Release|Any CPU.ActiveCfg = Release|Any CPU
		{66758BE6-C550-48F4-AE3E-0161A46DEE77}.Release|Any CPU.Build.0 = Release|Any CPU
		{3DA87DC2-AD0C-4039-A140-598DB92F184C}.Debug|Any CPU.ActiveCfg = Debug|Any CPU
		{3DA87DC2-AD0C-4039-A140-598DB92F184C}.Debug|Any CPU.Build.0 = Debug|Any CPU
		{3DA87DC2-AD0C-4039-A140-598DB92F184C}.Release|Any CPU.ActiveCfg = Release|Any CPU
		{3DA87DC2-AD0C-4039-A140-598DB92F184C}.Release|Any CPU.Build.0 = Release|Any CPU
		{FE990258-AD75-480B-ADB0-6B378E49468A}.Debug|Any CPU.ActiveCfg = Debug|Any CPU
		{FE990258-AD75-480B-ADB0-6B378E49468A}.Debug|Any CPU.Build.0 = Debug|Any CPU
		{FE990258-AD75-480B-ADB0-6B378E49468A}.Release|Any CPU.ActiveCfg = Release|Any CPU
		{FE990258-AD75-480B-ADB0-6B378E49468A}.Release|Any CPU.Build.0 = Release|Any CPU
		{3EB78B57-6D1B-49B4-B630-D94AF0914DB6}.Debug|Any CPU.ActiveCfg = Debug|Any CPU
		{3EB78B57-6D1B-49B4-B630-D94AF0914DB6}.Debug|Any CPU.Build.0 = Debug|Any CPU
		{3EB78B57-6D1B-49B4-B630-D94AF0914DB6}.Release|Any CPU.ActiveCfg = Release|Any CPU
		{3EB78B57-6D1B-49B4-B630-D94AF0914DB6}.Release|Any CPU.Build.0 = Release|Any CPU
		{816A93A0-66E6-4835-A6A5-9C4C2A9F00D0}.Debug|Any CPU.ActiveCfg = Debug|Any CPU
		{816A93A0-66E6-4835-A6A5-9C4C2A9F00D0}.Debug|Any CPU.Build.0 = Debug|Any CPU
		{816A93A0-66E6-4835-A6A5-9C4C2A9F00D0}.Release|Any CPU.ActiveCfg = Release|Any CPU
		{816A93A0-66E6-4835-A6A5-9C4C2A9F00D0}.Release|Any CPU.Build.0 = Release|Any CPU
		{96A788D0-9400-4A2A-B601-22001F6D26C9}.Debug|Any CPU.ActiveCfg = Debug|Any CPU
		{96A788D0-9400-4A2A-B601-22001F6D26C9}.Debug|Any CPU.Build.0 = Debug|Any CPU
		{96A788D0-9400-4A2A-B601-22001F6D26C9}.Release|Any CPU.ActiveCfg = Release|Any CPU
		{96A788D0-9400-4A2A-B601-22001F6D26C9}.Release|Any CPU.Build.0 = Release|Any CPU
		{93A3071E-1D90-4949-9D71-570CCE598541}.Debug|Any CPU.ActiveCfg = Debug|Any CPU
		{93A3071E-1D90-4949-9D71-570CCE598541}.Debug|Any CPU.Build.0 = Debug|Any CPU
		{93A3071E-1D90-4949-9D71-570CCE598541}.Release|Any CPU.ActiveCfg = Release|Any CPU
		{93A3071E-1D90-4949-9D71-570CCE598541}.Release|Any CPU.Build.0 = Release|Any CPU
	EndGlobalSection
	GlobalSection(SolutionProperties) = preSolution
		HideSolutionNode = FALSE
	EndGlobalSection
	GlobalSection(NestedProjects) = preSolution
		{66758BE6-C550-48F4-AE3E-0161A46DEE77} = {B07342BD-4623-4855-8775-0074A9C7D59E}
		{3DA87DC2-AD0C-4039-A140-598DB92F184C} = {D04AF9C5-6018-4750-A45D-0D3FEDFFCE37}
		{FE990258-AD75-480B-ADB0-6B378E49468A} = {F2E767A4-CE11-47DA-BFCB-CED75D7B7727}
		{31C01D2C-88E7-4970-886D-231811B15271} = {FDDFDDB9-4A6A-467B-AFD5-4DD84CA1F3D8}
		{DAA95780-3474-4A33-AF46-A5799F66C356} = {31C01D2C-88E7-4970-886D-231811B15271}
		{5A11FB3A-CDF7-42A2-91EA-7244AF5DF710} = {31C01D2C-88E7-4970-886D-231811B15271}
		{F5DCC981-028A-4451-AE51-395DEA3993B9} = {31C01D2C-88E7-4970-886D-231811B15271}
		{A3445FA5-3B09-41A5-AD2B-6B104D19B7FA} = {31C01D2C-88E7-4970-886D-231811B15271}
		{3EB78B57-6D1B-49B4-B630-D94AF0914DB6} = {DAA95780-3474-4A33-AF46-A5799F66C356}
		{816A93A0-66E6-4835-A6A5-9C4C2A9F00D0} = {A3445FA5-3B09-41A5-AD2B-6B104D19B7FA}
		{96A788D0-9400-4A2A-B601-22001F6D26C9} = {5A11FB3A-CDF7-42A2-91EA-7244AF5DF710}
		{93A3071E-1D90-4949-9D71-570CCE598541} = {F5DCC981-028A-4451-AE51-395DEA3993B9}
	EndGlobalSection
	GlobalSection(ExtensibilityGlobals) = postSolution
		SolutionGuid = {A089FC39-C382-4C95-9ADC-AA0D3288BC6C}
	EndGlobalSection
EndGlobal
